# THIS IS AN AUTOGENERATED FILE. DO NOT EDIT THIS FILE DIRECTLY.
# yarn lockfile v1


"@types/aws-lambda@^8.10.92":
  version "8.10.102"
  resolved "https://registry.yarnpkg.com/@types/aws-lambda/-/aws-lambda-8.10.102.tgz#d2402224ec30cdddfb669005c25b6ee01fd6f5be"
  integrity sha512-BT05v46n9KtSHa9SgGuOvm49eSruJ9utD8iNXpdpuUVYk8wOcqmm1LEzpNRkrXxD0CULc38sdLpk6q3Wa2WOwg==
