# THIS IS AN AUTOGENERATED FILE. DO NOT EDIT THIS FILE DIRECTLY.
# yarn lockfile v1


"@types/aws-lambda@^8.10.92":
  version "8.10.92"
  resolved "https://registry.yarnpkg.com/@types/aws-lambda/-/aws-lambda-8.10.92.tgz#645f769ff88b8eba1acd35542695ac322c7757c4"
  integrity sha512-dB14TltT1SNq73z3MaZfKyyBZ37NAgAFl8jze59bisR4fJ6pB6AYGxItHFkooZbN7UcVJX/cFudM4p8wp1W4rA==
