# THIS IS AN AUTOGENERATED FILE. DO NOT EDIT THIS FILE DIRECTLY.
# yarn lockfile v1


"@types/aws-lambda@^8.10.92":
  version "8.10.95"
  resolved "https://registry.yarnpkg.com/@types/aws-lambda/-/aws-lambda-8.10.95.tgz#7ba7b22b5967f40ceaf293082bbc3863a06e33f7"
  integrity sha512-wGtzLbd04EmqhFjTZmXgLzvmhDdyVU7AMo/JkiPmA2VUdBFQfUBQFCEzaVVK+f1PP5aWx1ejnb7K/8MXYI/frQ==
