PODS:
  - Amplify (1.0.4):
    - Amplify/Default (= 1.0.4)
  - Amplify/Default (1.0.4)
  - amplify_auth (0.0.1):
    - Amplify
    - AmplifyPlugins/AWSCognitoAuthPlugin
    - Flutter
  - amplify_core (0.0.1):
    - Amplify
    - AmplifyPlugins/AWSCognitoAuthPlugin
    - AWSPluginsCore
    - Flutter
  - AmplifyPlugins/AWSCognitoAuthPlugin (1.0.4):
    - AWSAuthCore (~> 2.14.0)
    - AWSCore (~> 2.14.0)
    - AWSMobileClient (~> 2.14.0)
    - AWSPluginsCore (= 1.0.4)
  - AWSAuthCore (2.14.0):
    - AWSCore (= 2.14.0)
  - AWSCognitoIdentityProvider (2.14.0):
    - AWSCognitoIdentityProviderASF (= 1.0.1)
    - AWSCore (= 2.14.0)
  - AWSCognitoIdentityProviderASF (1.0.1)
  - AWSCore (2.14.0)
  - AWSMobileClient (2.14.0):
    - AWSAuthCore (= 2.14.0)
    - AWSCognitoIdentityProvider (= 2.14.0)
  - AWSPluginsCore (1.0.4):
    - Amplify (= 1.0.4)
    - AWSCore (~> 2.14.0)
    - AWSMobileClient (~> 2.14.0)
  - Flutter (1.0.0)

DEPENDENCIES:
  - amplify_auth (from `.symlinks/plugins/amplify_auth/ios`)
  - amplify_core (from `.symlinks/plugins/amplify_core/ios`)
  - Flutter (from `Flutter`)

SPEC REPOS:
  trunk:
    - Amplify
    - AmplifyPlugins
    - AWSAuthCore
    - AWSCognitoIdentityProvider
    - AWSCognitoIdentityProviderASF
    - AWSCore
    - AWSMobileClient
    - AWSPluginsCore

EXTERNAL SOURCES:
  amplify_auth:
    :path: ".symlinks/plugins/amplify_auth/ios"
  amplify_core:
    :path: ".symlinks/plugins/amplify_core/ios"
  Flutter:
    :path: Flutter

SPEC CHECKSUMS:
  Amplify: 7626e435f3e78ac3508252557e375f994d5d5154
  amplify_auth: 19abb335f2d7c7a26de4e04b19d97d5b7965b4a3
  amplify_core: 2a2f529ae93d03692c969215daffd6d4bda54b9b
  AmplifyPlugins: aba4f9e4432ebc089aaea45722d2c5711d3e58f4
  AWSAuthCore: 6b337af04751dcbb4bc50f18dbed0343ba345e17
  AWSCognitoIdentityProvider: bd4cf5f70b9224b1ea42b423a75716cafb8f7ac4
  AWSCognitoIdentityProviderASF: f94f1a502e72ef3d0a1de93e10bf7a79c8698118
  AWSCore: 6398ca88010f34653a07d54a252affe920a99965
  AWSMobileClient: 0f4ae3f60722fc2cec7ca926fd442ff55a2154a5
  AWSPluginsCore: 646f8c2d831a52f2293da0dfd59a31eee61f6ad5
  Flutter: 0e3d915762c693b495b44d77113d4970485de6ec

PODFILE CHECKSUM: 0385a477e66ced446385839aa64b7a1ccde93153

COCOAPODS: 1.9.3
