PODS:
  - Amplify (1.0.4):
    - Amplify/Default (= 1.0.4)
  - Amplify/Default (1.0.4)
  - amplify_auth_cognito (0.0.1):
    - Amplify
    - AmplifyPlugins/AWSCognitoAuthPlugin
    - Flutter
    - ObjectMapper
  - amplify_core (0.0.1):
    - Amplify
    - AmplifyPlugins/AWSCognitoAuthPlugin
    - AWSPluginsCore
    - Flutter
  - amplify_storage_s3 (0.0.1):
    - Amplify
    - AmplifyPlugins/AWSS3StoragePlugin
    - AWSPluginsCore
    - Flutter
  - AmplifyPlugins/AWSCognitoAuthPlugin (1.0.4):
    - AWSAuthCore (~> 2.14.0)
    - AWSCore (~> 2.14.0)
    - AWSMobileClient (~> 2.14.0)
    - AWSPluginsCore (= 1.0.4)
  - AmplifyPlugins/AWSS3StoragePlugin (1.0.4):
    - AWSAuthCore (~> 2.14.0)
    - AWSCore (~> 2.14.0)
    - AWSPluginsCore (= 1.0.4)
    - AWSS3 (~> 2.14.0)
  - AWSAuthCore (2.14.2):
    - AWSCore (= 2.14.2)
  - AWSCognitoIdentityProvider (2.14.2):
    - AWSCognitoIdentityProviderASF (= 1.0.1)
    - AWSCore (= 2.14.2)
  - AWSCognitoIdentityProviderASF (1.0.1)
  - AWSCore (2.14.2)
  - AWSMobileClient (2.14.2):
    - AWSAuthCore (= 2.14.2)
    - AWSCognitoIdentityProvider (= 2.14.2)
  - AWSPluginsCore (1.0.4):
    - Amplify (= 1.0.4)
    - AWSCore (~> 2.14.0)
    - AWSMobileClient (~> 2.14.0)
  - AWSS3 (2.14.2):
    - AWSCore (= 2.14.2)
  - DKImagePickerController/Core (4.3.2):
    - DKImagePickerController/ImageDataManager
    - DKImagePickerController/Resource
  - DKImagePickerController/ImageDataManager (4.3.2)
  - DKImagePickerController/PhotoGallery (4.3.2):
    - DKImagePickerController/Core
    - DKPhotoGallery
  - DKImagePickerController/Resource (4.3.2)
  - DKPhotoGallery (0.0.17):
    - DKPhotoGallery/Core (= 0.0.17)
    - DKPhotoGallery/Model (= 0.0.17)
    - DKPhotoGallery/Preview (= 0.0.17)
    - DKPhotoGallery/Resource (= 0.0.17)
    - SDWebImage
    - SwiftyGif
  - DKPhotoGallery/Core (0.0.17):
    - DKPhotoGallery/Model
    - DKPhotoGallery/Preview
    - SDWebImage
    - SwiftyGif
  - DKPhotoGallery/Model (0.0.17):
    - SDWebImage
    - SwiftyGif
  - DKPhotoGallery/Preview (0.0.17):
    - DKPhotoGallery/Model
    - DKPhotoGallery/Resource
    - SDWebImage
    - SwiftyGif
  - DKPhotoGallery/Resource (0.0.17):
    - SDWebImage
    - SwiftyGif
  - file_picker (0.0.1):
    - DKImagePickerController/PhotoGallery
    - Flutter
  - Flutter (1.0.0)
  - flutter_plugin_android_lifecycle (0.0.1):
    - Flutter
  - ObjectMapper (4.2.0)
  - SDWebImage (5.8.4):
    - SDWebImage/Core (= 5.8.4)
  - SDWebImage/Core (5.8.4)
  - SwiftyGif (5.3.0)

DEPENDENCIES:
  - amplify_auth_cognito (from `.symlinks/plugins/amplify_auth_cognito/ios`)
  - amplify_core (from `.symlinks/plugins/amplify_core/ios`)
  - amplify_storage_s3 (from `.symlinks/plugins/amplify_storage_s3/ios`)
  - file_picker (from `.symlinks/plugins/file_picker/ios`)
  - Flutter (from `Flutter`)
  - flutter_plugin_android_lifecycle (from `.symlinks/plugins/flutter_plugin_android_lifecycle/ios`)

SPEC REPOS:
  trunk:
    - Amplify
    - AmplifyPlugins
    - AWSAuthCore
    - AWSCognitoIdentityProvider
    - AWSCognitoIdentityProviderASF
    - AWSCore
    - AWSMobileClient
    - AWSPluginsCore
    - AWSS3
    - DKImagePickerController
    - DKPhotoGallery
    - ObjectMapper
    - SDWebImage
    - SwiftyGif

EXTERNAL SOURCES:
  amplify_auth_cognito:
    :path: ".symlinks/plugins/amplify_auth_cognito/ios"
  amplify_core:
    :path: ".symlinks/plugins/amplify_core/ios"
  amplify_storage_s3:
    :path: ".symlinks/plugins/amplify_storage_s3/ios"
  file_picker:
    :path: ".symlinks/plugins/file_picker/ios"
  Flutter:
    :path: Flutter
  flutter_plugin_android_lifecycle:
    :path: ".symlinks/plugins/flutter_plugin_android_lifecycle/ios"

SPEC CHECKSUMS:
  Amplify: 7626e435f3e78ac3508252557e375f994d5d5154
  amplify_auth_cognito: 21e6e4acd861653d73875ee7d8ddce1a404e23cf
  amplify_core: 2a2f529ae93d03692c969215daffd6d4bda54b9b
  amplify_storage_s3: 44d9db51c1b89f9483649ac5b9fd5e2bb98b719c
  AmplifyPlugins: aba4f9e4432ebc089aaea45722d2c5711d3e58f4
  AWSAuthCore: 7ab6f5ab60ba8bb91a4868581946a993cbbae76d
  AWSCognitoIdentityProvider: 609856c741ef86037055223b3a46f4eeb49319d0
  AWSCognitoIdentityProviderASF: f94f1a502e72ef3d0a1de93e10bf7a79c8698118
  AWSCore: 80da498ab0979e77dbdc7690a61ceaaccfb0499a
  AWSMobileClient: b80f21439aa95df2375e7acdde76d2f60c12f4b7
  AWSPluginsCore: 646f8c2d831a52f2293da0dfd59a31eee61f6ad5
  AWSS3: 2ea579ed91fb01a187f7d8d827e3936da488531e
  DKImagePickerController: b5eb7f7a388e4643264105d648d01f727110fc3d
  DKPhotoGallery: fdfad5125a9fdda9cc57df834d49df790dbb4179
  file_picker: 3e6c3790de664ccf9b882732d9db5eaf6b8d4eb1
  Flutter: 0e3d915762c693b495b44d77113d4970485de6ec
  flutter_plugin_android_lifecycle: dc0b544e129eebb77a6bfb1239d4d1c673a60a35
  ObjectMapper: 1eb41f610210777375fa806bf161dc39fb832b81
  SDWebImage: cf6922231e95550934da2ada0f20f2becf2ceba9
  SwiftyGif: e466e86c660d343357ab944a819a101c4127cb40

PODFILE CHECKSUM: 03ca1bf1c64dc8b19c6e4677c8bd060771e18859

COCOAPODS: 1.8.4
