PODS:
  - Amplify (1.0.1):
    - Amplify/Default (= 1.0.1)
  - Amplify/Default (1.0.1)
  - amplify_auth_cognito (0.0.1):
    - Amplify
    - AmplifyPlugins/AWSCognitoAuthPlugin
    - Flutter
    - ObjectMapper
  - amplify_core (0.0.1):
    - Amplify
    - AmplifyPlugins/AWSCognitoAuthPlugin
    - AWSPluginsCore
    - Flutter
  - amplify_storage_s3 (0.0.1):
    - Amplify
    - AmplifyPlugins/AWSCognitoAuthPlugin
    - AmplifyPlugins/AWSS3StoragePlugin
    - AWSPluginsCore
    - Flutter
  - AmplifyPlugins/AWSCognitoAuthPlugin (1.0.1):
    - AWSAuthCore (~> 2.13.4)
    - AWSCore (~> 2.13.4)
    - AWSMobileClient (~> 2.13.4)
    - AWSPluginsCore (= 1.0.1)
  - AmplifyPlugins/AWSS3StoragePlugin (1.0.1):
    - AWSAuthCore (~> 2.13.4)
    - AWSCore (~> 2.13.4)
    - AWSPluginsCore (= 1.0.1)
    - AWSS3 (~> 2.13.4)
  - AWSAuthCore (2.13.4):
    - AWSCore (= 2.13.4)
  - AWSCognitoIdentityProvider (2.13.4):
    - AWSCognitoIdentityProviderASF (= 1.0.1)
    - AWSCore (= 2.13.4)
  - AWSCognitoIdentityProviderASF (1.0.1)
  - AWSCore (2.13.4)
  - AWSMobileClient (2.13.4):
    - AWSAuthCore (= 2.13.4)
    - AWSCognitoIdentityProvider (= 2.13.4)
  - AWSPluginsCore (1.0.1):
    - Amplify (= 1.0.1)
    - AWSCore (~> 2.13.4)
    - AWSMobileClient (~> 2.13.4)
  - AWSS3 (2.13.4):
    - AWSCore (= 2.13.4)
  - DKImagePickerController/Core (4.3.2):
    - DKImagePickerController/ImageDataManager
    - DKImagePickerController/Resource
  - DKImagePickerController/ImageDataManager (4.3.2)
  - DKImagePickerController/PhotoGallery (4.3.2):
    - DKImagePickerController/Core
    - DKPhotoGallery
  - DKImagePickerController/Resource (4.3.2)
  - DKPhotoGallery (0.0.17):
    - DKPhotoGallery/Core (= 0.0.17)
    - DKPhotoGallery/Model (= 0.0.17)
    - DKPhotoGallery/Preview (= 0.0.17)
    - DKPhotoGallery/Resource (= 0.0.17)
    - SDWebImage
    - SwiftyGif
  - DKPhotoGallery/Core (0.0.17):
    - DKPhotoGallery/Model
    - DKPhotoGallery/Preview
    - SDWebImage
    - SwiftyGif
  - DKPhotoGallery/Model (0.0.17):
    - SDWebImage
    - SwiftyGif
  - DKPhotoGallery/Preview (0.0.17):
    - DKPhotoGallery/Model
    - DKPhotoGallery/Resource
    - SDWebImage
    - SwiftyGif
  - DKPhotoGallery/Resource (0.0.17):
    - SDWebImage
    - SwiftyGif
  - file_picker (0.0.1):
    - DKImagePickerController/PhotoGallery
    - Flutter
  - Flutter (1.0.0)
  - flutter_plugin_android_lifecycle (0.0.1):
    - Flutter
  - ObjectMapper (4.2.0)
  - SDWebImage (5.8.3):
    - SDWebImage/Core (= 5.8.3)
  - SDWebImage/Core (5.8.3)
  - SwiftyGif (5.3.0)

DEPENDENCIES:
  - amplify_auth_cognito (from `.symlinks/plugins/amplify_auth_cognito/ios`)
  - amplify_core (from `.symlinks/plugins/amplify_core/ios`)
  - amplify_storage_s3 (from `.symlinks/plugins/amplify_storage_s3/ios`)
  - file_picker (from `.symlinks/plugins/file_picker/ios`)
  - Flutter (from `Flutter`)
  - flutter_plugin_android_lifecycle (from `.symlinks/plugins/flutter_plugin_android_lifecycle/ios`)

SPEC REPOS:
  trunk:
    - Amplify
    - AmplifyPlugins
    - AWSAuthCore
    - AWSCognitoIdentityProvider
    - AWSCognitoIdentityProviderASF
    - AWSCore
    - AWSMobileClient
    - AWSPluginsCore
    - AWSS3
    - DKImagePickerController
    - DKPhotoGallery
    - ObjectMapper
    - SDWebImage
    - SwiftyGif

EXTERNAL SOURCES:
  amplify_auth_cognito:
    :path: ".symlinks/plugins/amplify_auth_cognito/ios"
  amplify_core:
    :path: ".symlinks/plugins/amplify_core/ios"
  amplify_storage_s3:
    :path: ".symlinks/plugins/amplify_storage_s3/ios"
  file_picker:
    :path: ".symlinks/plugins/file_picker/ios"
  Flutter:
    :path: Flutter
  flutter_plugin_android_lifecycle:
    :path: ".symlinks/plugins/flutter_plugin_android_lifecycle/ios"

SPEC CHECKSUMS:
  Amplify: 8df04e515e756c0d3fe6e7652c69d46110bb74a7
  amplify_auth_cognito: 21e6e4acd861653d73875ee7d8ddce1a404e23cf
  amplify_core: 2a2f529ae93d03692c969215daffd6d4bda54b9b
  amplify_storage_s3: 5359cfbee18b7d6f229f023f3936de1fb119b252
  AmplifyPlugins: 75e82bfc1e2d9fb2f1ea30c037190c3fd611d39e
  AWSAuthCore: 72b4bd064c28985ea5345c62759632d511de342a
  AWSCognitoIdentityProvider: a2d1d2857316519c018c03ac8205cf78154db5c0
  AWSCognitoIdentityProviderASF: f94f1a502e72ef3d0a1de93e10bf7a79c8698118
  AWSCore: 06beea22b6bdbfe9f5ab5015c6901e8475c746a8
  AWSMobileClient: 33ecce524fbc011d543dae8306ca29a43ecb72e5
  AWSPluginsCore: 37ee45209a3251502893504072a6c4fc0af6f6e4
  AWSS3: ab3965322c8e5ee069eaf9b3201c55557ad21be1
  DKImagePickerController: b5eb7f7a388e4643264105d648d01f727110fc3d
  DKPhotoGallery: fdfad5125a9fdda9cc57df834d49df790dbb4179
  file_picker: 3e6c3790de664ccf9b882732d9db5eaf6b8d4eb1
  Flutter: 0e3d915762c693b495b44d77113d4970485de6ec
  flutter_plugin_android_lifecycle: dc0b544e129eebb77a6bfb1239d4d1c673a60a35
  ObjectMapper: 1eb41f610210777375fa806bf161dc39fb832b81
  SDWebImage: 112503ec94a5a2a41869503844a15e8d8f1ead5c
  SwiftyGif: e466e86c660d343357ab944a819a101c4127cb40

PODFILE CHECKSUM: 03ca1bf1c64dc8b19c6e4677c8bd060771e18859

COCOAPODS: 1.8.4
