# THIS IS AN AUTOGENERATED FILE. DO NOT EDIT THIS FILE DIRECTLY.
# yarn lockfile v1


"@types/aws-lambda@^8.10.92":
  version "8.10.142"
  resolved "https://registry.yarnpkg.com/@types/aws-lambda/-/aws-lambda-8.10.142.tgz#cb1d90bc45095e4f59e4ddfbb34a2e29c28d66b4"
  integrity sha512-wy2y/2hQKrS6myOS++koXg3N1Hg+LLyPjaggCFajczSHZPqBnOMuT2sdH3kiASrmdBYyM3pmjyz5SoWraRllCQ==
