# THIS IS AN AUTOGENERATED FILE. DO NOT EDIT THIS FILE DIRECTLY.
# yarn lockfile v1


"@types/aws-lambda@^8.10.92":
  version "8.10.95"
  resolved "https://registry.yarnpkg.com/@types/aws-lambda/-/aws-lambda-8.10.95.tgz#7ba7b22b5967f40ceaf293082bbc3863a06e33f7"
  integrity sha512-wGtzLbd04EmqhFjTZmXgLzvmhDdyVU7AMo/JkiPmA2VUdBFQfUBQFCEzaVVK+f1PP5aWx1ejnb7K/8MXYI/frQ==

crypto-secure-random-digit@^1.0.9:
  version "1.0.10"
  resolved "https://registry.yarnpkg.com/crypto-secure-random-digit/-/crypto-secure-random-digit-1.0.10.tgz#68cba3079e3bd0ea2d0df8eecef6f63101c9e7e2"
  integrity sha512-s8lDlKys87l8++pXrY8SxX3Uu31lQrpQDlPRGmR4r3y3iRqQiXj9ejAF1TsCU4w38mIXR72D571ujqzT+rcpCA==
